
Microsoft Visual Studio Solution File, Format Version 12.00
# Visual Studio Version 17
VisualStudioVersion = 17.11.35312.102
MinimumVisualStudioVersion = 10.0.40219.1
Project("{FAE04EC0-301F-11D3-BF4B-00C04F79EFBC}") = "CheckListApp", "CheckListApp.csproj", "{05A6A35B-BA22-4DF6-B282-D734985C49E5}"
EndProject
Global
	GlobalSection(SolutionConfigurationPlatforms) = preSolution
		Debug|Any CPU = Debug|Any CPU
		Release|Any CPU = Release|Any CPU
	EndGlobalSection
	GlobalSection(ProjectConfigurationPlatforms) = postSolution
		{05A6A35B-BA22-4DF6-B282-D734985C49E5}.Debug|Any CPU.ActiveCfg = Debug|Any CPU
		{05A6A35B-BA22-4DF6-B282-D734985C49E5}.Debug|Any CPU.Build.0 = Debug|Any CPU
		{05A6A35B-BA22-4DF6-B282-D734985C49E5}.Release|Any CPU.ActiveCfg = Release|Any CPU
		{05A6A35B-BA22-4DF6-B282-D734985C49E5}.Release|Any CPU.Build.0 = Release|Any CPU
	EndGlobalSection
	GlobalSection(SolutionProperties) = preSolution
		HideSolutionNode = FALSE
	EndGlobalSection
	GlobalSection(ExtensibilityGlobals) = postSolution
		SolutionGuid = {A91FB5FA-88CC-4C9E-BFED-E54D1D14333D}
	EndGlobalSection
EndGlobal
